
Microsoft Visual Studio Solution File, Format Version 12.00
# Visual Studio Version 17
VisualStudioVersion = 17.5.33414.496
MinimumVisualStudioVersion = 10.0.40219.1
Project("{9A19103F-16F7-4668-BE54-9A1E7A4F7556}") = "accesa", "accesa.csproj", "{47ED4895-F8EB-425D-AB2B-0408EFCF5825}"
EndProject
Global
	GlobalSection(SolutionConfigurationPlatforms) = preSolution
		Debug|Any CPU = Debug|Any CPU
		Release|Any CPU = Release|Any CPU
	EndGlobalSection
	GlobalSection(ProjectConfigurationPlatforms) = postSolution
		{47ED4895-F8EB-425D-AB2B-0408EFCF5825}.Debug|Any CPU.ActiveCfg = Debug|Any CPU
		{47ED4895-F8EB-425D-AB2B-0408EFCF5825}.Debug|Any CPU.Build.0 = Debug|Any CPU
		{47ED4895-F8EB-425D-AB2B-0408EFCF5825}.Release|Any CPU.ActiveCfg = Release|Any CPU
		{47ED4895-F8EB-425D-AB2B-0408EFCF5825}.Release|Any CPU.Build.0 = Release|Any CPU
	EndGlobalSection
	GlobalSection(SolutionProperties) = preSolution
		HideSolutionNode = FALSE
	EndGlobalSection
	GlobalSection(ExtensibilityGlobals) = postSolution
		SolutionGuid = {97BDF99A-A568-49F2-8581-180FC23AFF53}
	EndGlobalSection
EndGlobal
